
Microsoft Visual Studio Solution File, Format Version 12.00
# Visual Studio Version 17
VisualStudioVersion = 17.2.32526.322
MinimumVisualStudioVersion = 10.0.40219.1
Project("{2150E333-8FDC-42A3-9474-1A3956D46DE8}") = "services", "services", "{4422FDA1-33FC-4A51-93A6-72F4E9D4B7E5}"
EndProject
Project("{2150E333-8FDC-42A3-9474-1A3956D46DE8}") = "Catalog", "Catalog", "{5579AB4C-C4A7-4399-AADA-000DE49F934F}"
EndProject
Project("{9A19103F-16F7-4668-BE54-9A1E7A4F7556}") = "Catalog.API", "Services\Catalog\Catalog.API\Catalog.API.csproj", "{132AA870-2F7F-4A4B-9E00-49725ECF7881}"
EndProject
Project("{E53339B2-1760-4266-BCC7-CA923CBCF16C}") = "docker-compose", "docker-compose.dcproj", "{218A9B5E-9215-4983-A5A3-7D85521DEC40}"
EndProject
Project("{2150E333-8FDC-42A3-9474-1A3956D46DE8}") = "Basket", "Basket", "{374398DD-7841-488B-B653-32E1E0EB6893}"
EndProject
Project("{9A19103F-16F7-4668-BE54-9A1E7A4F7556}") = "Basket.Api", "Services\Basket\Basket.Api\Basket.Api.csproj", "{20E4A9E0-7EDA-4DD0-AFBD-E3334796F680}"
EndProject
Project("{2150E333-8FDC-42A3-9474-1A3956D46DE8}") = "Discount", "Discount", "{66D78FDE-05F1-437C-A733-74CF7EC96848}"
EndProject
Project("{9A19103F-16F7-4668-BE54-9A1E7A4F7556}") = "Discount.API", "Services\Discount\Discount.API\Discount.API.csproj", "{27C2DA83-135C-4174-83C4-B054136F5CF8}"
EndProject
Project("{9A19103F-16F7-4668-BE54-9A1E7A4F7556}") = "Discount.Grpc", "Services\Discount\Discount.Grpc\Discount.Grpc.csproj", "{E31815B6-D290-46E2-90D0-E99EE46440C5}"
EndProject
Project("{2150E333-8FDC-42A3-9474-1A3956D46DE8}") = "Ordering", "Ordering", "{2D1AE440-E715-4D4B-95F2-7C0671720341}"
EndProject
Project("{FAE04EC0-301F-11D3-BF4B-00C04F79EFBC}") = "Ordering.Api", "Services\Ordering\Ordering.Api\Ordering.Api.csproj", "{AD22A21A-8800-4258-B103-C5BF677DAFF0}"
EndProject
Project("{FAE04EC0-301F-11D3-BF4B-00C04F79EFBC}") = "Ordering.Domain", "Services\Ordering\Ordering.Domain\Ordering.Domain.csproj", "{AEE2EAE1-D6F6-4DC4-AF4B-5D9BDB70BABF}"
EndProject
Project("{FAE04EC0-301F-11D3-BF4B-00C04F79EFBC}") = "Ordering.Application", "Services\Ordering\Ordering.Application\Ordering.Application.csproj", "{2C818F94-E008-4448-B402-328F0BB3F22F}"
EndProject
Project("{FAE04EC0-301F-11D3-BF4B-00C04F79EFBC}") = "Ordering.Infrastructure", "Services\Ordering\Ordering.Infrastructure\Ordering.Infrastructure.csproj", "{5D0B3E11-429B-47A4-B10F-A161EC192C70}"
EndProject
Global
	GlobalSection(SolutionConfigurationPlatforms) = preSolution
		Debug|Any CPU = Debug|Any CPU
		Release|Any CPU = Release|Any CPU
	EndGlobalSection
	GlobalSection(ProjectConfigurationPlatforms) = postSolution
		{132AA870-2F7F-4A4B-9E00-49725ECF7881}.Debug|Any CPU.ActiveCfg = Debug|Any CPU
		{132AA870-2F7F-4A4B-9E00-49725ECF7881}.Debug|Any CPU.Build.0 = Debug|Any CPU
		{132AA870-2F7F-4A4B-9E00-49725ECF7881}.Release|Any CPU.ActiveCfg = Release|Any CPU
		{132AA870-2F7F-4A4B-9E00-49725ECF7881}.Release|Any CPU.Build.0 = Release|Any CPU
		{218A9B5E-9215-4983-A5A3-7D85521DEC40}.Debug|Any CPU.ActiveCfg = Debug|Any CPU
		{218A9B5E-9215-4983-A5A3-7D85521DEC40}.Debug|Any CPU.Build.0 = Debug|Any CPU
		{218A9B5E-9215-4983-A5A3-7D85521DEC40}.Release|Any CPU.ActiveCfg = Release|Any CPU
		{218A9B5E-9215-4983-A5A3-7D85521DEC40}.Release|Any CPU.Build.0 = Release|Any CPU
		{20E4A9E0-7EDA-4DD0-AFBD-E3334796F680}.Debug|Any CPU.ActiveCfg = Debug|Any CPU
		{20E4A9E0-7EDA-4DD0-AFBD-E3334796F680}.Debug|Any CPU.Build.0 = Debug|Any CPU
		{20E4A9E0-7EDA-4DD0-AFBD-E3334796F680}.Release|Any CPU.ActiveCfg = Release|Any CPU
		{20E4A9E0-7EDA-4DD0-AFBD-E3334796F680}.Release|Any CPU.Build.0 = Release|Any CPU
		{27C2DA83-135C-4174-83C4-B054136F5CF8}.Debug|Any CPU.ActiveCfg = Debug|Any CPU
		{27C2DA83-135C-4174-83C4-B054136F5CF8}.Debug|Any CPU.Build.0 = Debug|Any CPU
		{27C2DA83-135C-4174-83C4-B054136F5CF8}.Release|Any CPU.ActiveCfg = Release|Any CPU
		{27C2DA83-135C-4174-83C4-B054136F5CF8}.Release|Any CPU.Build.0 = Release|Any CPU
		{E31815B6-D290-46E2-90D0-E99EE46440C5}.Debug|Any CPU.ActiveCfg = Debug|Any CPU
		{E31815B6-D290-46E2-90D0-E99EE46440C5}.Debug|Any CPU.Build.0 = Debug|Any CPU
		{E31815B6-D290-46E2-90D0-E99EE46440C5}.Release|Any CPU.ActiveCfg = Release|Any CPU
		{E31815B6-D290-46E2-90D0-E99EE46440C5}.Release|Any CPU.Build.0 = Release|Any CPU
		{AD22A21A-8800-4258-B103-C5BF677DAFF0}.Debug|Any CPU.ActiveCfg = Debug|Any CPU
		{AD22A21A-8800-4258-B103-C5BF677DAFF0}.Debug|Any CPU.Build.0 = Debug|Any CPU
		{AD22A21A-8800-4258-B103-C5BF677DAFF0}.Release|Any CPU.ActiveCfg = Release|Any CPU
		{AD22A21A-8800-4258-B103-C5BF677DAFF0}.Release|Any CPU.Build.0 = Release|Any CPU
		{AEE2EAE1-D6F6-4DC4-AF4B-5D9BDB70BABF}.Debug|Any CPU.ActiveCfg = Debug|Any CPU
		{AEE2EAE1-D6F6-4DC4-AF4B-5D9BDB70BABF}.Debug|Any CPU.Build.0 = Debug|Any CPU
		{AEE2EAE1-D6F6-4DC4-AF4B-5D9BDB70BABF}.Release|Any CPU.ActiveCfg = Release|Any CPU
		{AEE2EAE1-D6F6-4DC4-AF4B-5D9BDB70BABF}.Release|Any CPU.Build.0 = Release|Any CPU
		{2C818F94-E008-4448-B402-328F0BB3F22F}.Debug|Any CPU.ActiveCfg = Debug|Any CPU
		{2C818F94-E008-4448-B402-328F0BB3F22F}.Debug|Any CPU.Build.0 = Debug|Any CPU
		{2C818F94-E008-4448-B402-328F0BB3F22F}.Release|Any CPU.ActiveCfg = Release|Any CPU
		{2C818F94-E008-4448-B402-328F0BB3F22F}.Release|Any CPU.Build.0 = Release|Any CPU
		{5D0B3E11-429B-47A4-B10F-A161EC192C70}.Debug|Any CPU.ActiveCfg = Debug|Any CPU
		{5D0B3E11-429B-47A4-B10F-A161EC192C70}.Debug|Any CPU.Build.0 = Debug|Any CPU
		{5D0B3E11-429B-47A4-B10F-A161EC192C70}.Release|Any CPU.ActiveCfg = Release|Any CPU
		{5D0B3E11-429B-47A4-B10F-A161EC192C70}.Release|Any CPU.Build.0 = Release|Any CPU
	EndGlobalSection
	GlobalSection(SolutionProperties) = preSolution
		HideSolutionNode = FALSE
	EndGlobalSection
	GlobalSection(NestedProjects) = preSolution
		{5579AB4C-C4A7-4399-AADA-000DE49F934F} = {4422FDA1-33FC-4A51-93A6-72F4E9D4B7E5}
		{132AA870-2F7F-4A4B-9E00-49725ECF7881} = {5579AB4C-C4A7-4399-AADA-000DE49F934F}
		{374398DD-7841-488B-B653-32E1E0EB6893} = {4422FDA1-33FC-4A51-93A6-72F4E9D4B7E5}
		{20E4A9E0-7EDA-4DD0-AFBD-E3334796F680} = {374398DD-7841-488B-B653-32E1E0EB6893}
		{66D78FDE-05F1-437C-A733-74CF7EC96848} = {4422FDA1-33FC-4A51-93A6-72F4E9D4B7E5}
		{27C2DA83-135C-4174-83C4-B054136F5CF8} = {66D78FDE-05F1-437C-A733-74CF7EC96848}
		{E31815B6-D290-46E2-90D0-E99EE46440C5} = {66D78FDE-05F1-437C-A733-74CF7EC96848}
		{2D1AE440-E715-4D4B-95F2-7C0671720341} = {4422FDA1-33FC-4A51-93A6-72F4E9D4B7E5}
		{AD22A21A-8800-4258-B103-C5BF677DAFF0} = {2D1AE440-E715-4D4B-95F2-7C0671720341}
		{AEE2EAE1-D6F6-4DC4-AF4B-5D9BDB70BABF} = {2D1AE440-E715-4D4B-95F2-7C0671720341}
		{2C818F94-E008-4448-B402-328F0BB3F22F} = {2D1AE440-E715-4D4B-95F2-7C0671720341}
		{5D0B3E11-429B-47A4-B10F-A161EC192C70} = {2D1AE440-E715-4D4B-95F2-7C0671720341}
	EndGlobalSection
	GlobalSection(ExtensibilityGlobals) = postSolution
		SolutionGuid = {F1B22B9E-73EE-403E-BDE9-4F8D7D78F7CE}
	EndGlobalSection
EndGlobal
